
Microsoft Visual Studio Solution File, Format Version 12.00
# Visual Studio Version 16
VisualStudioVersion = 16.0.34114.132
MinimumVisualStudioVersion = 10.0.40219.1
Project("{FAE04EC0-301F-11D3-BF4B-00C04F79EFBC}") = "OperatorAssignment", "OperatorAssignment\OperatorAssignment.csproj", "{7B4882EF-1348-4735-8B49-E50214806022}"
EndProject
Global
	GlobalSection(SolutionConfigurationPlatforms) = preSolution
		Debug|Any CPU = Debug|Any CPU
		Release|Any CPU = Release|Any CPU
	EndGlobalSection
	GlobalSection(ProjectConfigurationPlatforms) = postSolution
		{7B4882EF-1348-4735-8B49-E50214806022}.Debug|Any CPU.ActiveCfg = Debug|Any CPU
		{7B4882EF-1348-4735-8B49-E50214806022}.Debug|Any CPU.Build.0 = Debug|Any CPU
		{7B4882EF-1348-4735-8B49-E50214806022}.Release|Any CPU.ActiveCfg = Release|Any CPU
		{7B4882EF-1348-4735-8B49-E50214806022}.Release|Any CPU.Build.0 = Release|Any CPU
	EndGlobalSection
	GlobalSection(SolutionProperties) = preSolution
		HideSolutionNode = FALSE
	EndGlobalSection
	GlobalSection(ExtensibilityGlobals) = postSolution
		SolutionGuid = {9881C9B8-631D-493A-82ED-0384C9B550AD}
	EndGlobalSection
EndGlobal
