
Microsoft Visual Studio Solution File, Format Version 12.00
# Visual Studio Version 16
VisualStudioVersion = 16.0.34114.132
MinimumVisualStudioVersion = 10.0.40219.1
Project("{FAE04EC0-301F-11D3-BF4B-00C04F79EFBC}") = "AbstractClassAssignment", "AbstractClassAssignment\AbstractClassAssignment.csproj", "{50B7EE6C-B8E8-4A0B-AC52-B6C417099E48}"
EndProject
Global
	GlobalSection(SolutionConfigurationPlatforms) = preSolution
		Debug|Any CPU = Debug|Any CPU
		Release|Any CPU = Release|Any CPU
	EndGlobalSection
	GlobalSection(ProjectConfigurationPlatforms) = postSolution
		{50B7EE6C-B8E8-4A0B-AC52-B6C417099E48}.Debug|Any CPU.ActiveCfg = Debug|Any CPU
		{50B7EE6C-B8E8-4A0B-AC52-B6C417099E48}.Debug|Any CPU.Build.0 = Debug|Any CPU
		{50B7EE6C-B8E8-4A0B-AC52-B6C417099E48}.Release|Any CPU.ActiveCfg = Release|Any CPU
		{50B7EE6C-B8E8-4A0B-AC52-B6C417099E48}.Release|Any CPU.Build.0 = Release|Any CPU
	EndGlobalSection
	GlobalSection(SolutionProperties) = preSolution
		HideSolutionNode = FALSE
	EndGlobalSection
	GlobalSection(ExtensibilityGlobals) = postSolution
		SolutionGuid = {D42277C4-659B-47B1-8063-FE5B3AB610B4}
	EndGlobalSection
EndGlobal
